
Microsoft Visual Studio Solution File, Format Version 12.00
# Visual Studio Version 17
VisualStudioVersion = 17.3.32929.385
MinimumVisualStudioVersion = 10.0.40219.1
Project("{8BC9CEB8-8B4A-11D0-8D11-00A0C91BC942}") = "Subsets Equal Zero", "Subsets Equal Zero.vcxproj", "{44ED42D5-AA95-4EEE-901A-6106807299CE}"
EndProject
Global
	GlobalSection(SolutionConfigurationPlatforms) = preSolution
		Debug|x64 = Debug|x64
		Debug|x86 = Debug|x86
		Release|x64 = Release|x64
		Release|x86 = Release|x86
	EndGlobalSection
	GlobalSection(ProjectConfigurationPlatforms) = postSolution
		{44ED42D5-AA95-4EEE-901A-6106807299CE}.Debug|x64.ActiveCfg = Debug|x64
		{44ED42D5-AA95-4EEE-901A-6106807299CE}.Debug|x64.Build.0 = Debug|x64
		{44ED42D5-AA95-4EEE-901A-6106807299CE}.Debug|x86.ActiveCfg = Debug|Win32
		{44ED42D5-AA95-4EEE-901A-6106807299CE}.Debug|x86.Build.0 = Debug|Win32
		{44ED42D5-AA95-4EEE-901A-6106807299CE}.Release|x64.ActiveCfg = Release|x64
		{44ED42D5-AA95-4EEE-901A-6106807299CE}.Release|x64.Build.0 = Release|x64
		{44ED42D5-AA95-4EEE-901A-6106807299CE}.Release|x86.ActiveCfg = Release|Win32
		{44ED42D5-AA95-4EEE-901A-6106807299CE}.Release|x86.Build.0 = Release|Win32
	EndGlobalSection
	GlobalSection(SolutionProperties) = preSolution
		HideSolutionNode = FALSE
	EndGlobalSection
	GlobalSection(ExtensibilityGlobals) = postSolution
		SolutionGuid = {ABE3BB5A-2669-4A22-B860-79CE828F72B4}
	EndGlobalSection
EndGlobal
