
Microsoft Visual Studio Solution File, Format Version 12.00
# Visual Studio Version 17
VisualStudioVersion = 17.3.32929.385
MinimumVisualStudioVersion = 10.0.40219.1
Project("{8BC9CEB8-8B4A-11D0-8D11-00A0C91BC942}") = "Smallest Positive Number", "Smallest Positive Number.vcxproj", "{B21ED1CA-EF9D-4599-B04B-0B8993F24CC8}"
EndProject
Global
	GlobalSection(SolutionConfigurationPlatforms) = preSolution
		Debug|x64 = Debug|x64
		Debug|x86 = Debug|x86
		Release|x64 = Release|x64
		Release|x86 = Release|x86
	EndGlobalSection
	GlobalSection(ProjectConfigurationPlatforms) = postSolution
		{B21ED1CA-EF9D-4599-B04B-0B8993F24CC8}.Debug|x64.ActiveCfg = Debug|x64
		{B21ED1CA-EF9D-4599-B04B-0B8993F24CC8}.Debug|x64.Build.0 = Debug|x64
		{B21ED1CA-EF9D-4599-B04B-0B8993F24CC8}.Debug|x86.ActiveCfg = Debug|Win32
		{B21ED1CA-EF9D-4599-B04B-0B8993F24CC8}.Debug|x86.Build.0 = Debug|Win32
		{B21ED1CA-EF9D-4599-B04B-0B8993F24CC8}.Release|x64.ActiveCfg = Release|x64
		{B21ED1CA-EF9D-4599-B04B-0B8993F24CC8}.Release|x64.Build.0 = Release|x64
		{B21ED1CA-EF9D-4599-B04B-0B8993F24CC8}.Release|x86.ActiveCfg = Release|Win32
		{B21ED1CA-EF9D-4599-B04B-0B8993F24CC8}.Release|x86.Build.0 = Release|Win32
	EndGlobalSection
	GlobalSection(SolutionProperties) = preSolution
		HideSolutionNode = FALSE
	EndGlobalSection
	GlobalSection(ExtensibilityGlobals) = postSolution
		SolutionGuid = {9B61E4EB-9A1D-4D97-AAA4-338DAE6D854D}
	EndGlobalSection
EndGlobal
