
Microsoft Visual Studio Solution File, Format Version 12.00
# Visual Studio Version 17
VisualStudioVersion = 17.3.32929.385
MinimumVisualStudioVersion = 10.0.40219.1
Project("{8BC9CEB8-8B4A-11D0-8D11-00A0C91BC942}") = "Stack Sorting Array", "Stack Sorting Array.vcxproj", "{5AA907AD-8EBC-4D45-B9A4-DDBF4A688EB5}"
EndProject
Global
	GlobalSection(SolutionConfigurationPlatforms) = preSolution
		Debug|x64 = Debug|x64
		Debug|x86 = Debug|x86
		Release|x64 = Release|x64
		Release|x86 = Release|x86
	EndGlobalSection
	GlobalSection(ProjectConfigurationPlatforms) = postSolution
		{5AA907AD-8EBC-4D45-B9A4-DDBF4A688EB5}.Debug|x64.ActiveCfg = Debug|x64
		{5AA907AD-8EBC-4D45-B9A4-DDBF4A688EB5}.Debug|x64.Build.0 = Debug|x64
		{5AA907AD-8EBC-4D45-B9A4-DDBF4A688EB5}.Debug|x86.ActiveCfg = Debug|Win32
		{5AA907AD-8EBC-4D45-B9A4-DDBF4A688EB5}.Debug|x86.Build.0 = Debug|Win32
		{5AA907AD-8EBC-4D45-B9A4-DDBF4A688EB5}.Release|x64.ActiveCfg = Release|x64
		{5AA907AD-8EBC-4D45-B9A4-DDBF4A688EB5}.Release|x64.Build.0 = Release|x64
		{5AA907AD-8EBC-4D45-B9A4-DDBF4A688EB5}.Release|x86.ActiveCfg = Release|Win32
		{5AA907AD-8EBC-4D45-B9A4-DDBF4A688EB5}.Release|x86.Build.0 = Release|Win32
	EndGlobalSection
	GlobalSection(SolutionProperties) = preSolution
		HideSolutionNode = FALSE
	EndGlobalSection
	GlobalSection(ExtensibilityGlobals) = postSolution
		SolutionGuid = {3933778A-8FFC-43C1-9F29-7D0D635E4A99}
	EndGlobalSection
EndGlobal
