
Microsoft Visual Studio Solution File, Format Version 12.00
# Visual Studio Version 17
VisualStudioVersion = 17.4.33213.308
MinimumVisualStudioVersion = 10.0.40219.1
Project("{8BC9CEB8-8B4A-11D0-8D11-00A0C91BC942}") = "Circular Queue (Array)", "Circular Queue (Array).vcxproj", "{C72A9496-B598-418A-B555-4816E55B757C}"
EndProject
Global
	GlobalSection(SolutionConfigurationPlatforms) = preSolution
		Debug|x64 = Debug|x64
		Debug|x86 = Debug|x86
		Release|x64 = Release|x64
		Release|x86 = Release|x86
	EndGlobalSection
	GlobalSection(ProjectConfigurationPlatforms) = postSolution
		{C72A9496-B598-418A-B555-4816E55B757C}.Debug|x64.ActiveCfg = Debug|x64
		{C72A9496-B598-418A-B555-4816E55B757C}.Debug|x64.Build.0 = Debug|x64
		{C72A9496-B598-418A-B555-4816E55B757C}.Debug|x86.ActiveCfg = Debug|Win32
		{C72A9496-B598-418A-B555-4816E55B757C}.Debug|x86.Build.0 = Debug|Win32
		{C72A9496-B598-418A-B555-4816E55B757C}.Release|x64.ActiveCfg = Release|x64
		{C72A9496-B598-418A-B555-4816E55B757C}.Release|x64.Build.0 = Release|x64
		{C72A9496-B598-418A-B555-4816E55B757C}.Release|x86.ActiveCfg = Release|Win32
		{C72A9496-B598-418A-B555-4816E55B757C}.Release|x86.Build.0 = Release|Win32
	EndGlobalSection
	GlobalSection(SolutionProperties) = preSolution
		HideSolutionNode = FALSE
	EndGlobalSection
	GlobalSection(ExtensibilityGlobals) = postSolution
		SolutionGuid = {EB3EA1C4-BB71-4A1D-A759-790C04392AC9}
	EndGlobalSection
EndGlobal
