
Microsoft Visual Studio Solution File, Format Version 12.00
# Visual Studio Version 17
VisualStudioVersion = 17.3.32825.248
MinimumVisualStudioVersion = 10.0.40219.1
Project("{8BC9CEB8-8B4A-11D0-8D11-00A0C91BC942}") = "Parameter Passing", "Parameter Passing.vcxproj", "{AAB4173D-938C-4738-975A-6092CB082F7D}"
EndProject
Global
	GlobalSection(SolutionConfigurationPlatforms) = preSolution
		Debug|x64 = Debug|x64
		Debug|x86 = Debug|x86
		Release|x64 = Release|x64
		Release|x86 = Release|x86
	EndGlobalSection
	GlobalSection(ProjectConfigurationPlatforms) = postSolution
		{AAB4173D-938C-4738-975A-6092CB082F7D}.Debug|x64.ActiveCfg = Debug|x64
		{AAB4173D-938C-4738-975A-6092CB082F7D}.Debug|x64.Build.0 = Debug|x64
		{AAB4173D-938C-4738-975A-6092CB082F7D}.Debug|x86.ActiveCfg = Debug|Win32
		{AAB4173D-938C-4738-975A-6092CB082F7D}.Debug|x86.Build.0 = Debug|Win32
		{AAB4173D-938C-4738-975A-6092CB082F7D}.Release|x64.ActiveCfg = Release|x64
		{AAB4173D-938C-4738-975A-6092CB082F7D}.Release|x64.Build.0 = Release|x64
		{AAB4173D-938C-4738-975A-6092CB082F7D}.Release|x86.ActiveCfg = Release|Win32
		{AAB4173D-938C-4738-975A-6092CB082F7D}.Release|x86.Build.0 = Release|Win32
	EndGlobalSection
	GlobalSection(SolutionProperties) = preSolution
		HideSolutionNode = FALSE
	EndGlobalSection
	GlobalSection(ExtensibilityGlobals) = postSolution
		SolutionGuid = {9F61FD5C-0645-473E-A324-893D2A49BE15}
	EndGlobalSection
EndGlobal
